
Microsoft Visual Studio Solution File, Format Version 12.00
# Visual Studio Version 16
VisualStudioVersion = 16.0.32002.261
MinimumVisualStudioVersion = 10.0.40219.1
Project("{9A19103F-16F7-4668-BE54-9A1E7A4F7556}") = "R5T.S0044", "R5T.S0044\R5T.S0044.csproj", "{2CE9C270-F1C9-4B4E-8632-B9C219BE3AF3}"
EndProject
Project("{2150E333-8FDC-42A3-9474-1A3956D46DE8}") = "_Dependencies", "_Dependencies", "{D6003F21-F77D-41C8-8EC4-A07E8B262E64}"
EndProject
Project("{9A19103F-16F7-4668-BE54-9A1E7A4F7556}") = "R5T.F0027", "..\..\R5T.F0027\source\R5T.F0027\R5T.F0027.csproj", "{E4AD4B6B-6317-4F28-AC46-5AA1D3F82797}"
EndProject
Project("{9A19103F-16F7-4668-BE54-9A1E7A4F7556}") = "R5T.T0132", "..\..\R5T.T0132\source\R5T.T0132\R5T.T0132.csproj", "{8D1FE33B-376D-455B-AADB-038C223D6D53}"
EndProject
Project("{9A19103F-16F7-4668-BE54-9A1E7A4F7556}") = "R5T.T0131", "..\..\R5T.T0131\source\R5T.T0131\R5T.T0131.csproj", "{9E14CC0B-702C-42DE-92A1-1659ACF00740}"
EndProject
Project("{9A19103F-16F7-4668-BE54-9A1E7A4F7556}") = "R5T.F0000", "..\..\R5T.F0000\source\R5T.F0000\R5T.F0000.csproj", "{861FF1BB-4B2D-4596-8F16-D7889A71A5E7}"
EndProject
Project("{9A19103F-16F7-4668-BE54-9A1E7A4F7556}") = "R5T.Z0011", "..\..\R5T.Z0011\source\R5T.Z0011\R5T.Z0011.csproj", "{A0B2BBA6-0DD6-458D-84F9-56E4F8A65910}"
EndProject
Project("{9A19103F-16F7-4668-BE54-9A1E7A4F7556}") = "R5T.F0020", "..\..\R5T.F0020\source\R5T.F0020\R5T.F0020.csproj", "{272452F3-1FB2-47B3-9834-78D904F0B1BB}"
EndProject
Project("{9A19103F-16F7-4668-BE54-9A1E7A4F7556}") = "R5T.T0143", "..\..\R5T.T0143\source\R5T.T0143\R5T.T0143.csproj", "{95D83B97-D0B4-4119-930A-33780F483EC6}"
EndProject
Project("{9A19103F-16F7-4668-BE54-9A1E7A4F7556}") = "R5T.Z0000", "..\..\R5T.Z0000\source\R5T.Z0000\R5T.Z0000.csproj", "{211FCF43-9F31-479C-8899-650FA0C6BD88}"
EndProject
Project("{9A19103F-16F7-4668-BE54-9A1E7A4F7556}") = "R5T.Y0000", "..\..\R5T.Y0000\source\R5T.Y0000\R5T.Y0000.csproj", "{F16E84D8-C0D2-4F6F-AFB4-61B03D4A372C}"
EndProject
Project("{9A19103F-16F7-4668-BE54-9A1E7A4F7556}") = "R5T.F0026", "..\..\R5T.F0026\source\R5T.F0026\R5T.F0026.csproj", "{DF42B535-86A0-4EB0-A908-131AAFB4B2CB}"
EndProject
Project("{9A19103F-16F7-4668-BE54-9A1E7A4F7556}") = "R5T.F0002", "..\..\R5T.F0002\source\R5T.F0002\R5T.F0002.csproj", "{53F3DB07-A589-43B3-AE06-6A9245B45F44}"
EndProject
Project("{9A19103F-16F7-4668-BE54-9A1E7A4F7556}") = "R5T.Magyar", "..\..\R5T.Magyar\source\R5T.Magyar\R5T.Magyar.csproj", "{7E97891F-1D20-474A-AFC5-6CA69763D3AF}"
EndProject
Project("{9A19103F-16F7-4668-BE54-9A1E7A4F7556}") = "R5T.T0141", "..\..\R5T.T0141\source\R5T.T0141\R5T.T0141.csproj", "{22852FF4-140A-4E77-9536-7D8F82D6B8C8}"
EndProject
Project("{9A19103F-16F7-4668-BE54-9A1E7A4F7556}") = "R5T.F0028", "..\..\R5T.F0028\source\R5T.F0028\R5T.F0028.csproj", "{2F10DFD0-AD0D-4E0C-B49E-5EE7C2AC9F7D}"
EndProject
Project("{9A19103F-16F7-4668-BE54-9A1E7A4F7556}") = "R5T.L0017", "..\..\R5T.L0017\source\R5T.L0017\R5T.L0017.csproj", "{9827396F-B5B0-4B29-ABCE-AA498D6A6223}"
EndProject
Project("{9A19103F-16F7-4668-BE54-9A1E7A4F7556}") = "R5T.F0029", "..\..\R5T.F0029\source\R5T.F0029\R5T.F0029.csproj", "{B08C9D3E-C4E0-4081-8F11-04448A5FB47A}"
EndProject
Project("{9A19103F-16F7-4668-BE54-9A1E7A4F7556}") = "R5T.L0013", "..\..\R5T.L0013\source\R5T.L0013\R5T.L0013.csproj", "{2D52917E-4A84-4BA5-A33E-23DC0A10C716}"
EndProject
Project("{9A19103F-16F7-4668-BE54-9A1E7A4F7556}") = "R5T.L0015", "..\..\R5T.L0015\source\R5T.L0015\R5T.L0015.csproj", "{B449E55F-E83C-4B2E-8B09-D29C3827CF4C}"
EndProject
Project("{9A19103F-16F7-4668-BE54-9A1E7A4F7556}") = "R5T.T0144", "..\..\R5T.T0144\source\R5T.T0144\R5T.T0144.csproj", "{5FFF609D-E369-44BF-8BAC-90271A6CCAA7}"
EndProject
Project("{9A19103F-16F7-4668-BE54-9A1E7A4F7556}") = "R5T.T0145", "..\..\R5T.T0145\source\R5T.T0145\R5T.T0145.csproj", "{7A06D843-E72E-4EC4-A024-47B866EF35B8}"
EndProject
Project("{9A19103F-16F7-4668-BE54-9A1E7A4F7556}") = "R5T.F0030", "..\..\R5T.F0030\source\R5T.F0030\R5T.F0030.csproj", "{8A37C164-BF1A-47F8-9C6A-53A1835B6B49}"
EndProject
Project("{9A19103F-16F7-4668-BE54-9A1E7A4F7556}") = "R5T.L0024", "..\..\R5T.L0024\source\R5T.L0024\R5T.L0024.csproj", "{B4BB3FCD-FE6B-47B1-AF7A-3E0FA9383FD3}"
EndProject
Project("{9A19103F-16F7-4668-BE54-9A1E7A4F7556}") = "R5T.T0142", "..\..\R5T.T0142\source\R5T.T0142\R5T.T0142.csproj", "{61304713-BC01-4B8A-88FA-3002D46F62FF}"
EndProject
Project("{9A19103F-16F7-4668-BE54-9A1E7A4F7556}") = "R5T.F0034", "..\..\R5T.F0034\source\R5T.F0034\R5T.F0034.csproj", "{13CD579C-D39E-46E1-947D-338EF4DF19C1}"
EndProject
Project("{9A19103F-16F7-4668-BE54-9A1E7A4F7556}") = "R5T.F0032", "..\..\R5T.F0032\source\R5T.F0032\R5T.F0032.csproj", "{E868FA59-1360-48AA-BE8B-7B635DA8ACDC}"
EndProject
Project("{9A19103F-16F7-4668-BE54-9A1E7A4F7556}") = "R5T.NG0002", "..\..\R5T.NG0002\source\R5T.NG0002\R5T.NG0002.csproj", "{08BB14E5-74F1-4C2A-A76A-BA523245818A}"
EndProject
Project("{9A19103F-16F7-4668-BE54-9A1E7A4F7556}") = "R5T.F0035", "..\..\R5T.F0035\source\R5T.F0035\R5T.F0035.csproj", "{0F235EA6-FB40-4C7F-B7E1-44F18422F29C}"
EndProject
Project("{9A19103F-16F7-4668-BE54-9A1E7A4F7556}") = "R5T.NG0003", "..\..\R5T.NG0003\source\R5T.NG0003\R5T.NG0003.csproj", "{0722BF44-9018-4C8A-9925-5D3861E8D460}"
EndProject
Global
	GlobalSection(SolutionConfigurationPlatforms) = preSolution
		Debug|Any CPU = Debug|Any CPU
		Release|Any CPU = Release|Any CPU
	EndGlobalSection
	GlobalSection(ProjectConfigurationPlatforms) = postSolution
		{2CE9C270-F1C9-4B4E-8632-B9C219BE3AF3}.Debug|Any CPU.ActiveCfg = Debug|Any CPU
		{2CE9C270-F1C9-4B4E-8632-B9C219BE3AF3}.Debug|Any CPU.Build.0 = Debug|Any CPU
		{2CE9C270-F1C9-4B4E-8632-B9C219BE3AF3}.Release|Any CPU.ActiveCfg = Release|Any CPU
		{2CE9C270-F1C9-4B4E-8632-B9C219BE3AF3}.Release|Any CPU.Build.0 = Release|Any CPU
		{E4AD4B6B-6317-4F28-AC46-5AA1D3F82797}.Debug|Any CPU.ActiveCfg = Debug|Any CPU
		{E4AD4B6B-6317-4F28-AC46-5AA1D3F82797}.Debug|Any CPU.Build.0 = Debug|Any CPU
		{E4AD4B6B-6317-4F28-AC46-5AA1D3F82797}.Release|Any CPU.ActiveCfg = Release|Any CPU
		{E4AD4B6B-6317-4F28-AC46-5AA1D3F82797}.Release|Any CPU.Build.0 = Release|Any CPU
		{8D1FE33B-376D-455B-AADB-038C223D6D53}.Debug|Any CPU.ActiveCfg = Debug|Any CPU
		{8D1FE33B-376D-455B-AADB-038C223D6D53}.Debug|Any CPU.Build.0 = Debug|Any CPU
		{8D1FE33B-376D-455B-AADB-038C223D6D53}.Release|Any CPU.ActiveCfg = Release|Any CPU
		{8D1FE33B-376D-455B-AADB-038C223D6D53}.Release|Any CPU.Build.0 = Release|Any CPU
		{9E14CC0B-702C-42DE-92A1-1659ACF00740}.Debug|Any CPU.ActiveCfg = Debug|Any CPU
		{9E14CC0B-702C-42DE-92A1-1659ACF00740}.Debug|Any CPU.Build.0 = Debug|Any CPU
		{9E14CC0B-702C-42DE-92A1-1659ACF00740}.Release|Any CPU.ActiveCfg = Release|Any CPU
		{9E14CC0B-702C-42DE-92A1-1659ACF00740}.Release|Any CPU.Build.0 = Release|Any CPU
		{861FF1BB-4B2D-4596-8F16-D7889A71A5E7}.Debug|Any CPU.ActiveCfg = Debug|Any CPU
		{861FF1BB-4B2D-4596-8F16-D7889A71A5E7}.Debug|Any CPU.Build.0 = Debug|Any CPU
		{861FF1BB-4B2D-4596-8F16-D7889A71A5E7}.Release|Any CPU.ActiveCfg = Release|Any CPU
		{861FF1BB-4B2D-4596-8F16-D7889A71A5E7}.Release|Any CPU.Build.0 = Release|Any CPU
		{A0B2BBA6-0DD6-458D-84F9-56E4F8A65910}.Debug|Any CPU.ActiveCfg = Debug|Any CPU
		{A0B2BBA6-0DD6-458D-84F9-56E4F8A65910}.Debug|Any CPU.Build.0 = Debug|Any CPU
		{A0B2BBA6-0DD6-458D-84F9-56E4F8A65910}.Release|Any CPU.ActiveCfg = Release|Any CPU
		{A0B2BBA6-0DD6-458D-84F9-56E4F8A65910}.Release|Any CPU.Build.0 = Release|Any CPU
		{272452F3-1FB2-47B3-9834-78D904F0B1BB}.Debug|Any CPU.ActiveCfg = Debug|Any CPU
		{272452F3-1FB2-47B3-9834-78D904F0B1BB}.Debug|Any CPU.Build.0 = Debug|Any CPU
		{272452F3-1FB2-47B3-9834-78D904F0B1BB}.Release|Any CPU.ActiveCfg = Release|Any CPU
		{272452F3-1FB2-47B3-9834-78D904F0B1BB}.Release|Any CPU.Build.0 = Release|Any CPU
		{95D83B97-D0B4-4119-930A-33780F483EC6}.Debug|Any CPU.ActiveCfg = Debug|Any CPU
		{95D83B97-D0B4-4119-930A-33780F483EC6}.Debug|Any CPU.Build.0 = Debug|Any CPU
		{95D83B97-D0B4-4119-930A-33780F483EC6}.Release|Any CPU.ActiveCfg = Release|Any CPU
		{95D83B97-D0B4-4119-930A-33780F483EC6}.Release|Any CPU.Build.0 = Release|Any CPU
		{211FCF43-9F31-479C-8899-650FA0C6BD88}.Debug|Any CPU.ActiveCfg = Debug|Any CPU
		{211FCF43-9F31-479C-8899-650FA0C6BD88}.Debug|Any CPU.Build.0 = Debug|Any CPU
		{211FCF43-9F31-479C-8899-650FA0C6BD88}.Release|Any CPU.ActiveCfg = Release|Any CPU
		{211FCF43-9F31-479C-8899-650FA0C6BD88}.Release|Any CPU.Build.0 = Release|Any CPU
		{F16E84D8-C0D2-4F6F-AFB4-61B03D4A372C}.Debug|Any CPU.ActiveCfg = Debug|Any CPU
		{F16E84D8-C0D2-4F6F-AFB4-61B03D4A372C}.Debug|Any CPU.Build.0 = Debug|Any CPU
		{F16E84D8-C0D2-4F6F-AFB4-61B03D4A372C}.Release|Any CPU.ActiveCfg = Release|Any CPU
		{F16E84D8-C0D2-4F6F-AFB4-61B03D4A372C}.Release|Any CPU.Build.0 = Release|Any CPU
		{DF42B535-86A0-4EB0-A908-131AAFB4B2CB}.Debug|Any CPU.ActiveCfg = Debug|Any CPU
		{DF42B535-86A0-4EB0-A908-131AAFB4B2CB}.Debug|Any CPU.Build.0 = Debug|Any CPU
		{DF42B535-86A0-4EB0-A908-131AAFB4B2CB}.Release|Any CPU.ActiveCfg = Release|Any CPU
		{DF42B535-86A0-4EB0-A908-131AAFB4B2CB}.Release|Any CPU.Build.0 = Release|Any CPU
		{53F3DB07-A589-43B3-AE06-6A9245B45F44}.Debug|Any CPU.ActiveCfg = Debug|Any CPU
		{53F3DB07-A589-43B3-AE06-6A9245B45F44}.Debug|Any CPU.Build.0 = Debug|Any CPU
		{53F3DB07-A589-43B3-AE06-6A9245B45F44}.Release|Any CPU.ActiveCfg = Release|Any CPU
		{53F3DB07-A589-43B3-AE06-6A9245B45F44}.Release|Any CPU.Build.0 = Release|Any CPU
		{7E97891F-1D20-474A-AFC5-6CA69763D3AF}.Debug|Any CPU.ActiveCfg = Debug|Any CPU
		{7E97891F-1D20-474A-AFC5-6CA69763D3AF}.Debug|Any CPU.Build.0 = Debug|Any CPU
		{7E97891F-1D20-474A-AFC5-6CA69763D3AF}.Release|Any CPU.ActiveCfg = Release|Any CPU
		{7E97891F-1D20-474A-AFC5-6CA69763D3AF}.Release|Any CPU.Build.0 = Release|Any CPU
		{22852FF4-140A-4E77-9536-7D8F82D6B8C8}.Debug|Any CPU.ActiveCfg = Debug|Any CPU
		{22852FF4-140A-4E77-9536-7D8F82D6B8C8}.Debug|Any CPU.Build.0 = Debug|Any CPU
		{22852FF4-140A-4E77-9536-7D8F82D6B8C8}.Release|Any CPU.ActiveCfg = Release|Any CPU
		{22852FF4-140A-4E77-9536-7D8F82D6B8C8}.Release|Any CPU.Build.0 = Release|Any CPU
		{2F10DFD0-AD0D-4E0C-B49E-5EE7C2AC9F7D}.Debug|Any CPU.ActiveCfg = Debug|Any CPU
		{2F10DFD0-AD0D-4E0C-B49E-5EE7C2AC9F7D}.Debug|Any CPU.Build.0 = Debug|Any CPU
		{2F10DFD0-AD0D-4E0C-B49E-5EE7C2AC9F7D}.Release|Any CPU.ActiveCfg = Release|Any CPU
		{2F10DFD0-AD0D-4E0C-B49E-5EE7C2AC9F7D}.Release|Any CPU.Build.0 = Release|Any CPU
		{9827396F-B5B0-4B29-ABCE-AA498D6A6223}.Debug|Any CPU.ActiveCfg = Debug|Any CPU
		{9827396F-B5B0-4B29-ABCE-AA498D6A6223}.Debug|Any CPU.Build.0 = Debug|Any CPU
		{9827396F-B5B0-4B29-ABCE-AA498D6A6223}.Release|Any CPU.ActiveCfg = Release|Any CPU
		{9827396F-B5B0-4B29-ABCE-AA498D6A6223}.Release|Any CPU.Build.0 = Release|Any CPU
		{B08C9D3E-C4E0-4081-8F11-04448A5FB47A}.Debug|Any CPU.ActiveCfg = Debug|Any CPU
		{B08C9D3E-C4E0-4081-8F11-04448A5FB47A}.Debug|Any CPU.Build.0 = Debug|Any CPU
		{B08C9D3E-C4E0-4081-8F11-04448A5FB47A}.Release|Any CPU.ActiveCfg = Release|Any CPU
		{B08C9D3E-C4E0-4081-8F11-04448A5FB47A}.Release|Any CPU.Build.0 = Release|Any CPU
		{2D52917E-4A84-4BA5-A33E-23DC0A10C716}.Debug|Any CPU.ActiveCfg = Debug|Any CPU
		{2D52917E-4A84-4BA5-A33E-23DC0A10C716}.Debug|Any CPU.Build.0 = Debug|Any CPU
		{2D52917E-4A84-4BA5-A33E-23DC0A10C716}.Release|Any CPU.ActiveCfg = Release|Any CPU
		{2D52917E-4A84-4BA5-A33E-23DC0A10C716}.Release|Any CPU.Build.0 = Release|Any CPU
		{B449E55F-E83C-4B2E-8B09-D29C3827CF4C}.Debug|Any CPU.ActiveCfg = Debug|Any CPU
		{B449E55F-E83C-4B2E-8B09-D29C3827CF4C}.Debug|Any CPU.Build.0 = Debug|Any CPU
		{B449E55F-E83C-4B2E-8B09-D29C3827CF4C}.Release|Any CPU.ActiveCfg = Release|Any CPU
		{B449E55F-E83C-4B2E-8B09-D29C3827CF4C}.Release|Any CPU.Build.0 = Release|Any CPU
		{5FFF609D-E369-44BF-8BAC-90271A6CCAA7}.Debug|Any CPU.ActiveCfg = Debug|Any CPU
		{5FFF609D-E369-44BF-8BAC-90271A6CCAA7}.Debug|Any CPU.Build.0 = Debug|Any CPU
		{5FFF609D-E369-44BF-8BAC-90271A6CCAA7}.Release|Any CPU.ActiveCfg = Release|Any CPU
		{5FFF609D-E369-44BF-8BAC-90271A6CCAA7}.Release|Any CPU.Build.0 = Release|Any CPU
		{7A06D843-E72E-4EC4-A024-47B866EF35B8}.Debug|Any CPU.ActiveCfg = Debug|Any CPU
		{7A06D843-E72E-4EC4-A024-47B866EF35B8}.Debug|Any CPU.Build.0 = Debug|Any CPU
		{7A06D843-E72E-4EC4-A024-47B866EF35B8}.Release|Any CPU.ActiveCfg = Release|Any CPU
		{7A06D843-E72E-4EC4-A024-47B866EF35B8}.Release|Any CPU.Build.0 = Release|Any CPU
		{8A37C164-BF1A-47F8-9C6A-53A1835B6B49}.Debug|Any CPU.ActiveCfg = Debug|Any CPU
		{8A37C164-BF1A-47F8-9C6A-53A1835B6B49}.Debug|Any CPU.Build.0 = Debug|Any CPU
		{8A37C164-BF1A-47F8-9C6A-53A1835B6B49}.Release|Any CPU.ActiveCfg = Release|Any CPU
		{8A37C164-BF1A-47F8-9C6A-53A1835B6B49}.Release|Any CPU.Build.0 = Release|Any CPU
		{B4BB3FCD-FE6B-47B1-AF7A-3E0FA9383FD3}.Debug|Any CPU.ActiveCfg = Debug|Any CPU
		{B4BB3FCD-FE6B-47B1-AF7A-3E0FA9383FD3}.Debug|Any CPU.Build.0 = Debug|Any CPU
		{B4BB3FCD-FE6B-47B1-AF7A-3E0FA9383FD3}.Release|Any CPU.ActiveCfg = Release|Any CPU
		{B4BB3FCD-FE6B-47B1-AF7A-3E0FA9383FD3}.Release|Any CPU.Build.0 = Release|Any CPU
		{61304713-BC01-4B8A-88FA-3002D46F62FF}.Debug|Any CPU.ActiveCfg = Debug|Any CPU
		{61304713-BC01-4B8A-88FA-3002D46F62FF}.Debug|Any CPU.Build.0 = Debug|Any CPU
		{61304713-BC01-4B8A-88FA-3002D46F62FF}.Release|Any CPU.ActiveCfg = Release|Any CPU
		{61304713-BC01-4B8A-88FA-3002D46F62FF}.Release|Any CPU.Build.0 = Release|Any CPU
		{13CD579C-D39E-46E1-947D-338EF4DF19C1}.Debug|Any CPU.ActiveCfg = Debug|Any CPU
		{13CD579C-D39E-46E1-947D-338EF4DF19C1}.Debug|Any CPU.Build.0 = Debug|Any CPU
		{13CD579C-D39E-46E1-947D-338EF4DF19C1}.Release|Any CPU.ActiveCfg = Release|Any CPU
		{13CD579C-D39E-46E1-947D-338EF4DF19C1}.Release|Any CPU.Build.0 = Release|Any CPU
		{E868FA59-1360-48AA-BE8B-7B635DA8ACDC}.Debug|Any CPU.ActiveCfg = Debug|Any CPU
		{E868FA59-1360-48AA-BE8B-7B635DA8ACDC}.Debug|Any CPU.Build.0 = Debug|Any CPU
		{E868FA59-1360-48AA-BE8B-7B635DA8ACDC}.Release|Any CPU.ActiveCfg = Release|Any CPU
		{E868FA59-1360-48AA-BE8B-7B635DA8ACDC}.Release|Any CPU.Build.0 = Release|Any CPU
		{08BB14E5-74F1-4C2A-A76A-BA523245818A}.Debug|Any CPU.ActiveCfg = Debug|Any CPU
		{08BB14E5-74F1-4C2A-A76A-BA523245818A}.Debug|Any CPU.Build.0 = Debug|Any CPU
		{08BB14E5-74F1-4C2A-A76A-BA523245818A}.Release|Any CPU.ActiveCfg = Release|Any CPU
		{08BB14E5-74F1-4C2A-A76A-BA523245818A}.Release|Any CPU.Build.0 = Release|Any CPU
		{0F235EA6-FB40-4C7F-B7E1-44F18422F29C}.Debug|Any CPU.ActiveCfg = Debug|Any CPU
		{0F235EA6-FB40-4C7F-B7E1-44F18422F29C}.Debug|Any CPU.Build.0 = Debug|Any CPU
		{0F235EA6-FB40-4C7F-B7E1-44F18422F29C}.Release|Any CPU.ActiveCfg = Release|Any CPU
		{0F235EA6-FB40-4C7F-B7E1-44F18422F29C}.Release|Any CPU.Build.0 = Release|Any CPU
		{0722BF44-9018-4C8A-9925-5D3861E8D460}.Debug|Any CPU.ActiveCfg = Debug|Any CPU
		{0722BF44-9018-4C8A-9925-5D3861E8D460}.Debug|Any CPU.Build.0 = Debug|Any CPU
		{0722BF44-9018-4C8A-9925-5D3861E8D460}.Release|Any CPU.ActiveCfg = Release|Any CPU
		{0722BF44-9018-4C8A-9925-5D3861E8D460}.Release|Any CPU.Build.0 = Release|Any CPU
	EndGlobalSection
	GlobalSection(SolutionProperties) = preSolution
		HideSolutionNode = FALSE
	EndGlobalSection
	GlobalSection(NestedProjects) = preSolution
		{E4AD4B6B-6317-4F28-AC46-5AA1D3F82797} = {D6003F21-F77D-41C8-8EC4-A07E8B262E64}
		{8D1FE33B-376D-455B-AADB-038C223D6D53} = {D6003F21-F77D-41C8-8EC4-A07E8B262E64}
		{9E14CC0B-702C-42DE-92A1-1659ACF00740} = {D6003F21-F77D-41C8-8EC4-A07E8B262E64}
		{861FF1BB-4B2D-4596-8F16-D7889A71A5E7} = {D6003F21-F77D-41C8-8EC4-A07E8B262E64}
		{A0B2BBA6-0DD6-458D-84F9-56E4F8A65910} = {D6003F21-F77D-41C8-8EC4-A07E8B262E64}
		{272452F3-1FB2-47B3-9834-78D904F0B1BB} = {D6003F21-F77D-41C8-8EC4-A07E8B262E64}
		{95D83B97-D0B4-4119-930A-33780F483EC6} = {D6003F21-F77D-41C8-8EC4-A07E8B262E64}
		{211FCF43-9F31-479C-8899-650FA0C6BD88} = {D6003F21-F77D-41C8-8EC4-A07E8B262E64}
		{F16E84D8-C0D2-4F6F-AFB4-61B03D4A372C} = {D6003F21-F77D-41C8-8EC4-A07E8B262E64}
		{DF42B535-86A0-4EB0-A908-131AAFB4B2CB} = {D6003F21-F77D-41C8-8EC4-A07E8B262E64}
		{53F3DB07-A589-43B3-AE06-6A9245B45F44} = {D6003F21-F77D-41C8-8EC4-A07E8B262E64}
		{7E97891F-1D20-474A-AFC5-6CA69763D3AF} = {D6003F21-F77D-41C8-8EC4-A07E8B262E64}
		{22852FF4-140A-4E77-9536-7D8F82D6B8C8} = {D6003F21-F77D-41C8-8EC4-A07E8B262E64}
		{2F10DFD0-AD0D-4E0C-B49E-5EE7C2AC9F7D} = {D6003F21-F77D-41C8-8EC4-A07E8B262E64}
		{9827396F-B5B0-4B29-ABCE-AA498D6A6223} = {D6003F21-F77D-41C8-8EC4-A07E8B262E64}
		{B08C9D3E-C4E0-4081-8F11-04448A5FB47A} = {D6003F21-F77D-41C8-8EC4-A07E8B262E64}
		{2D52917E-4A84-4BA5-A33E-23DC0A10C716} = {D6003F21-F77D-41C8-8EC4-A07E8B262E64}
		{B449E55F-E83C-4B2E-8B09-D29C3827CF4C} = {D6003F21-F77D-41C8-8EC4-A07E8B262E64}
		{5FFF609D-E369-44BF-8BAC-90271A6CCAA7} = {D6003F21-F77D-41C8-8EC4-A07E8B262E64}
		{7A06D843-E72E-4EC4-A024-47B866EF35B8} = {D6003F21-F77D-41C8-8EC4-A07E8B262E64}
		{8A37C164-BF1A-47F8-9C6A-53A1835B6B49} = {D6003F21-F77D-41C8-8EC4-A07E8B262E64}
		{B4BB3FCD-FE6B-47B1-AF7A-3E0FA9383FD3} = {D6003F21-F77D-41C8-8EC4-A07E8B262E64}
		{61304713-BC01-4B8A-88FA-3002D46F62FF} = {D6003F21-F77D-41C8-8EC4-A07E8B262E64}
		{13CD579C-D39E-46E1-947D-338EF4DF19C1} = {D6003F21-F77D-41C8-8EC4-A07E8B262E64}
		{E868FA59-1360-48AA-BE8B-7B635DA8ACDC} = {D6003F21-F77D-41C8-8EC4-A07E8B262E64}
		{08BB14E5-74F1-4C2A-A76A-BA523245818A} = {D6003F21-F77D-41C8-8EC4-A07E8B262E64}
		{0F235EA6-FB40-4C7F-B7E1-44F18422F29C} = {D6003F21-F77D-41C8-8EC4-A07E8B262E64}
		{0722BF44-9018-4C8A-9925-5D3861E8D460} = {D6003F21-F77D-41C8-8EC4-A07E8B262E64}
	EndGlobalSection
	GlobalSection(ExtensibilityGlobals) = postSolution
		SolutionGuid = {ACE4BD3B-BCB7-440E-89AA-68F26B57AE27}
	EndGlobalSection
EndGlobal
